
Microsoft Visual Studio Solution File, Format Version 12.00
# Visual Studio Version 17
VisualStudioVersion = 17.3.32811.315
MinimumVisualStudioVersion = 10.0.40219.1
Project("{FAE04EC0-301F-11D3-BF4B-00C04F79EFBC}") = "Day1", "Day1\Day1.csproj", "{8A4C8CC0-DD4C-42CD-9EB8-2A2CEF59E86C}"
EndProject
Project("{FAE04EC0-301F-11D3-BF4B-00C04F79EFBC}") = "Day2", "Day2\Day2.csproj", "{1B7860F5-6BE5-4D42-B5B3-E3960A723DA0}"
EndProject
Global
	GlobalSection(SolutionConfigurationPlatforms) = preSolution
		Debug|Any CPU = Debug|Any CPU
		Release|Any CPU = Release|Any CPU
	EndGlobalSection
	GlobalSection(ProjectConfigurationPlatforms) = postSolution
		{8A4C8CC0-DD4C-42CD-9EB8-2A2CEF59E86C}.Debug|Any CPU.ActiveCfg = Debug|Any CPU
		{8A4C8CC0-DD4C-42CD-9EB8-2A2CEF59E86C}.Debug|Any CPU.Build.0 = Debug|Any CPU
		{8A4C8CC0-DD4C-42CD-9EB8-2A2CEF59E86C}.Release|Any CPU.ActiveCfg = Release|Any CPU
		{8A4C8CC0-DD4C-42CD-9EB8-2A2CEF59E86C}.Release|Any CPU.Build.0 = Release|Any CPU
		{1B7860F5-6BE5-4D42-B5B3-E3960A723DA0}.Debug|Any CPU.ActiveCfg = Debug|Any CPU
		{1B7860F5-6BE5-4D42-B5B3-E3960A723DA0}.Debug|Any CPU.Build.0 = Debug|Any CPU
		{1B7860F5-6BE5-4D42-B5B3-E3960A723DA0}.Release|Any CPU.ActiveCfg = Release|Any CPU
		{1B7860F5-6BE5-4D42-B5B3-E3960A723DA0}.Release|Any CPU.Build.0 = Release|Any CPU
	EndGlobalSection
	GlobalSection(SolutionProperties) = preSolution
		HideSolutionNode = FALSE
	EndGlobalSection
	GlobalSection(ExtensibilityGlobals) = postSolution
		SolutionGuid = {9C2C2E57-C471-40AC-82B4-FBE9872090D3}
	EndGlobalSection
EndGlobal
